# This file is automatically @generated by Poetry 1.4.0 and should not be changed by hand.

[[package]]
name = "hazelcast-python-client"
version = "5.2.0"
description = "Hazelcast Python Client"
category = "main"
optional = false
python-versions = "*"
files = [
    {file = "hazelcast-python-client-5.2.0.tar.gz", hash = "sha256:a9de04514493826b12ccc2b4645127f39c602dba1c7082d993e610fc1904fa87"},
    {file = "hazelcast_python_client-5.2.0-py3-none-any.whl", hash = "sha256:498aae63f9c1a05df588ceb06a4621b060c6640ec1f1bb6c041e453e04a5e09c"},
]

[package.extras]
stats = ["psutil"]

[metadata]
lock-version = "2.0"
python-versions = "^3.11"
content-hash = "b84110d2ae852fb7e8725337adf597740bc336d53bb5495eb344e30adce1ef15"
